
Microsoft Visual Studio Solution File, Format Version 12.00
# Visual Studio 2012
Project("{FAE04EC0-301F-11D3-BF4B-00C04F79EFBC}") = "APISecurityLearn", "APISecurityLearn\APISecurityLearn.csproj", "{F5BAE661-6E87-4329-B6EB-50133891E1F2}"
EndProject
Project("{FAE04EC0-301F-11D3-BF4B-00C04F79EFBC}") = "APISecurityLearn.Broker", "APISecurityLearn.Broker\APISecurityLearn.Broker.csproj", "{198B280F-4BD9-4BF9-A5A7-C0E513BAFAA3}"
EndProject
Global
	GlobalSection(SolutionConfigurationPlatforms) = preSolution
		Debug|Any CPU = Debug|Any CPU
		Release|Any CPU = Release|Any CPU
	EndGlobalSection
	GlobalSection(ProjectConfigurationPlatforms) = postSolution
		{F5BAE661-6E87-4329-B6EB-50133891E1F2}.Debug|Any CPU.ActiveCfg = Debug|Any CPU
		{F5BAE661-6E87-4329-B6EB-50133891E1F2}.Debug|Any CPU.Build.0 = Debug|Any CPU
		{F5BAE661-6E87-4329-B6EB-50133891E1F2}.Release|Any CPU.ActiveCfg = Release|Any CPU
		{F5BAE661-6E87-4329-B6EB-50133891E1F2}.Release|Any CPU.Build.0 = Release|Any CPU
		{198B280F-4BD9-4BF9-A5A7-C0E513BAFAA3}.Debug|Any CPU.ActiveCfg = Debug|Any CPU
		{198B280F-4BD9-4BF9-A5A7-C0E513BAFAA3}.Debug|Any CPU.Build.0 = Debug|Any CPU
		{198B280F-4BD9-4BF9-A5A7-C0E513BAFAA3}.Release|Any CPU.ActiveCfg = Release|Any CPU
		{198B280F-4BD9-4BF9-A5A7-C0E513BAFAA3}.Release|Any CPU.Build.0 = Release|Any CPU
	EndGlobalSection
	GlobalSection(SolutionProperties) = preSolution
		HideSolutionNode = FALSE
	EndGlobalSection
EndGlobal
